<?xml version="1.0" encoding="utf-8"?>
<Project ToolsVersion="4.0" xmlns="http://schemas.microsoft.com/developer/msbuild/2003">
  <ItemGroup>
    <Filter Include="Source Files">
      <UniqueIdentifier>{4FC737F1-C7A5-4376-A066-2A32D752A2FF}</UniqueIdentifier>
      <Extensions>cpp;c;cc;cxx;c++;cppm;ixx;def;odl;idl;hpj;bat;asm;asmx</Extensions>
    </Filter>
    <Filter Include="Header Files">
      <UniqueIdentifier>{93995380-89BD-4b04-88EB-625FBE52EBFB}</UniqueIdentifier>
      <Extensions>h;hh;hpp;hxx;h++;hm;inl;inc;ipp;xsd</Extensions>
    </Filter>
    <Filter Include="Resource Files">
      <UniqueIdentifier>{67DA6AB6-F800-4c08-8B7A-83BB121AAD01}</UniqueIdentifier>
      <Extensions>rc;ico;cur;bmp;dlg;rc2;rct;bin;rgs;gif;jpg;jpeg;jpe;resx;tiff;tif;png;wav;mfcribbon-ms</Extensions>
    </Filter>
    <Filter Include="Source Files\Graphics">
      <UniqueIdentifier>{8d3b398f-4f56-444c-b986-1aa468adc165}</UniqueIdentifier>
    </Filter>
    <Filter Include="Source Files\Assets">
      <UniqueIdentifier>{7d04285b-f8e0-4352-be64-f7e3fa399d13}</UniqueIdentifier>
    </Filter>
    <Filter Include="Source Files\Core">
      <UniqueIdentifier>{191d67a1-8307-4a8f-9f41-1a3452b44f41}</UniqueIdentifier>
    </Filter>
    <Filter Include="Source Files\SerializationSystem">
      <UniqueIdentifier>{1c0b8a1e-790d-4678-ae3d-2366bad5a97c}</UniqueIdentifier>
    </Filter>
    <Filter Include="Source Files\Shaders">
      <UniqueIdentifier>{8d1d96a2-8fe2-44e8-b68e-7d1b81fd3503}</UniqueIdentifier>
    </Filter>
    <Filter Include="Source Files\Resources">
      <UniqueIdentifier>{4d66d104-51f5-40a4-a464-fdc9fc1659f4}</UniqueIdentifier>
    </Filter>
    <Filter Include="Source Files\ECS">
      <UniqueIdentifier>{4b6f92ac-110c-4893-b49c-e311900bfd3c}</UniqueIdentifier>
    </Filter>
    <Filter Include="Source Files\ECS\Compoents">
      <UniqueIdentifier>{9b8024ea-6a7b-4725-b785-b6b8f022223a}</UniqueIdentifier>
    </Filter>
    <Filter Include="Source Files\ECS\Compoents\Game">
      <UniqueIdentifier>{5dc8489a-c4b8-444b-8043-be4d2511e05e}</UniqueIdentifier>
    </Filter>
    <Filter Include="Source Files\ECS\Compoents\MetaGame">
      <UniqueIdentifier>{43a226e0-5c78-460c-9eba-97071db3f327}</UniqueIdentifier>
    </Filter>
    <Filter Include="Source Files\ECS\Systems">
      <UniqueIdentifier>{546900a5-07c5-4196-b5bc-30cdf64e14ed}</UniqueIdentifier>
    </Filter>
    <Filter Include="Source Files\Utils">
      <UniqueIdentifier>{dedf6885-c9bf-4fae-bb0d-07944a4c2d6d}</UniqueIdentifier>
    </Filter>
    <Filter Include="Source Files\ECS\Systems\Game">
      <UniqueIdentifier>{f9029a48-c444-455f-8488-9ea3880d44b7}</UniqueIdentifier>
    </Filter>
    <Filter Include="Source Files\ECS\Compoents\Physics">
      <UniqueIdentifier>{12a35a89-1ddb-40d0-b9a0-e044ef9cf639}</UniqueIdentifier>
    </Filter>
    <Filter Include="Source Files\ECS\Systems\Physics">
      <UniqueIdentifier>{045fab29-2114-42d2-84d0-0859f37a50c6}</UniqueIdentifier>
    </Filter>
    <Filter Include="Source Files\Physics">
      <UniqueIdentifier>{d0816aba-17cc-4686-b456-e9acd1af063d}</UniqueIdentifier>
    </Filter>
    <Filter Include="Source Files\AlienHeadersLib">
      <UniqueIdentifier>{793cd6d0-5c1c-4e6f-8301-2b5e19b29c44}</UniqueIdentifier>
    </Filter>
    <Filter Include="Source Files\ECS\Systems\GameTools">
      <UniqueIdentifier>{baef07de-e3cc-44ed-b15f-3331477ab14f}</UniqueIdentifier>
    </Filter>
    <Filter Include="Source Files\GameTools">
      <UniqueIdentifier>{66a3a2c1-a59f-43dd-9ec1-847df2cf6484}</UniqueIdentifier>
    </Filter>
  </ItemGroup>
  <ItemGroup>
    <ClCompile Include="Scripts\Graphics\GLShader.cpp">
      <Filter>Source Files\Graphics</Filter>
    </ClCompile>
    <ClCompile Include="Scripts\Core\GameLoop.cpp">
      <Filter>Source Files\Core</Filter>
    </ClCompile>
    <ClCompile Include="Scripts\Assets\ModelImporter.cpp">
      <Filter>Source Files\Assets</Filter>
    </ClCompile>
    <ClCompile Include="Scripts\Assets\ObjImporter.cpp">
      <Filter>Source Files\Assets</Filter>
    </ClCompile>
    <ClCompile Include="Scripts\Assets\PolygonGeometry.cpp">
      <Filter>Source Files\Assets</Filter>
    </ClCompile>
    <ClCompile Include="Scripts\Assets\Model.cpp">
      <Filter>Source Files\Assets</Filter>
    </ClCompile>
    <ClCompile Include="Scripts\Graphics\GlMaterial.cpp">
      <Filter>Source Files\Graphics</Filter>
    </ClCompile>
    <ClCompile Include="Scripts\SerializationSystem\EntityLoader.cpp">
      <Filter>Source Files\SerializationSystem</Filter>
    </ClCompile>
    <ClCompile Include="Scripts\Core\AppInitializer.cpp">
      <Filter>Source Files\Core</Filter>
    </ClCompile>
    <ClCompile Include="Scripts\Graphics\GLTexture.cpp">
      <Filter>Source Files\Graphics</Filter>
    </ClCompile>
    <ClCompile Include="Scripts\SerializationSystem\SharedGraphicsResources.cpp">
      <Filter>Source Files\SerializationSystem</Filter>
    </ClCompile>
    <ClCompile Include="Scripts\Assets\Texture.cpp">
      <Filter>Source Files\Graphics</Filter>
    </ClCompile>
    <ClCompile Include="Scripts\Graphics\GLMesh.cpp">
      <Filter>Source Files\Graphics</Filter>
    </ClCompile>
    <ClCompile Include="Scripts\Core\Main.cpp">
      <Filter>Source Files\Core</Filter>
    </ClCompile>
    <ClCompile Include="Scripts\Core\WindowApp.cpp">
      <Filter>Source Files\Core</Filter>
    </ClCompile>
    <ClCompile Include="Scripts\Core\Input.cpp">
      <Filter>Source Files\Core</Filter>
    </ClCompile>
    <ClCompile Include="AlienHeadersLib\glad.c">
      <Filter>Source Files\AlienHeadersLib</Filter>
    </ClCompile>
    <ClCompile Include="Scripts\Core\AppTime.cpp">
      <Filter>Source Files\Core</Filter>
    </ClCompile>
    <ClCompile Include="Scripts\SerializationSystem\Logger.cpp">
      <Filter>Source Files\SerializationSystem</Filter>
    </ClCompile>
    <ClCompile Include="Scripts\ECS\EcsSystem.cpp">
      <Filter>Source Files\ECS</Filter>
    </ClCompile>
    <ClCompile Include="Scripts\ECS\Components\Camera.cpp">
      <Filter>Source Files\ECS\Compoents</Filter>
    </ClCompile>
    <ClCompile Include="Scripts\ECS\Systems\Graphics\RenderMeshSystem.cpp">
      <Filter>Source Files\ECS\Systems</Filter>
    </ClCompile>
    <ClCompile Include="Scripts\ECS\Systems\Graphics\UIHandler.cpp">
      <Filter>Source Files\ECS\Systems</Filter>
    </ClCompile>
    <ClCompile Include="Scripts\Utils\SimpleTextProcessor.cpp">
      <Filter>Source Files\Utils</Filter>
    </ClCompile>
    <ClCompile Include="Scripts\ECS\Components\UiComponents.cpp">
      <Filter>Source Files\ECS\Compoents</Filter>
    </ClCompile>
    <ClCompile Include="Scripts\ECS\Components\Transform.cpp">
      <Filter>Source Files\ECS\Compoents</Filter>
    </ClCompile>
    <ClCompile Include="Scripts\ECS\Systems\Game\AimSystem.cpp">
      <Filter>Source Files\ECS\Systems\Game</Filter>
    </ClCompile>
    <ClCompile Include="Scripts\ECS\Systems\Game\MenuController.cpp">
      <Filter>Source Files\ECS\Systems\Game</Filter>
    </ClCompile>
    <ClCompile Include="Scripts\ECS\Systems\GameTools\LevelChanger.cpp">
      <Filter>Source Files\ECS\Systems\Game</Filter>
    </ClCompile>
    <ClCompile Include="Scripts\ECS\Systems\Game\LevelController.cpp">
      <Filter>Source Files\ECS\Systems\Game</Filter>
    </ClCompile>
    <ClCompile Include="Scripts\Graphics\GLLineMesh.cpp">
      <Filter>Source Files\Graphics</Filter>
    </ClCompile>
    <ClCompile Include="Scripts\ECS\Components\Game\AlienData.cpp">
      <Filter>Source Files\ECS\Compoents\Game</Filter>
    </ClCompile>
    <ClCompile Include="Scripts\ECS\Systems\Graphics\RenderSkyboxSystem.cpp">
      <Filter>Source Files\ECS\Systems</Filter>
    </ClCompile>
    <ClCompile Include="Scripts\ECS\Systems\Physics\CollisionProcessor.cpp">
      <Filter>Source Files\ECS\Systems\Physics</Filter>
    </ClCompile>
    <ClCompile Include="Scripts\Physics\Shapes.cpp">
      <Filter>Source Files\Physics</Filter>
    </ClCompile>
    <ClCompile Include="Scripts\Graphics\GraphicCore.cpp">
      <Filter>Source Files\Graphics</Filter>
    </ClCompile>
    <ClCompile Include="Scripts\ECS\Systems\Physics\GravityController.cpp">
      <Filter>Source Files\ECS\Systems\Physics</Filter>
    </ClCompile>
    <ClCompile Include="Scripts\ECS\Systems\Game\EscapeHandler.cpp">
      <Filter>Source Files\ECS\Systems\GameTools</Filter>
    </ClCompile>
    <ClCompile Include="Scripts\ECS\Systems\GameTools\CameraControllerSystem.cpp">
      <Filter>Source Files\ECS\Systems\GameTools</Filter>
    </ClCompile>
    <ClCompile Include="Scripts\ECS\Systems\Physics\ImpulseControllerSystem.cpp">
      <Filter>Source Files\ECS\Systems\GameTools</Filter>
    </ClCompile>
    <ClCompile Include="Scripts\GameTools\GraphGenerator.cpp">
      <Filter>Source Files\GameTools</Filter>
    </ClCompile>
    <ClCompile Include="Scripts\ECS\Systems\Game\GraphDebugger.cpp">
      <Filter>Source Files\ECS\Systems\Game</Filter>
    </ClCompile>
    <ClCompile Include="Scripts\ECS\Systems\Game\RoomTravelerController.cpp">
      <Filter>Source Files\ECS\Systems</Filter>
    </ClCompile>
    <ClCompile Include="Scripts\ECS\Systems\Game\RoomRedrawerController.cpp">
      <Filter>Source Files\ECS\Systems</Filter>
    </ClCompile>
    <ClCompile Include="Scripts\Utils\SimpleMath.cpp">
      <Filter>Source Files</Filter>
    </ClCompile>
    <ClCompile Include="Scripts\Graphics\GlFramebuffer.cpp">
      <Filter>Source Files</Filter>
    </ClCompile>
  </ItemGroup>
  <ItemGroup>
    <ClInclude Include="Scripts\Graphics\GLShader.h">
      <Filter>Source Files\Graphics</Filter>
    </ClInclude>
    <ClInclude Include="Scripts\Graphics\GLMaterial.h">
      <Filter>Source Files\Graphics</Filter>
    </ClInclude>
    <ClInclude Include="Scripts\Core\GameLoop.h">
      <Filter>Source Files\Core</Filter>
    </ClInclude>
    <ClInclude Include="Scripts\SerializationSystem\EntityLoader.h">
      <Filter>Source Files\SerializationSystem</Filter>
    </ClInclude>
    <ClInclude Include="Scripts\Assets\Model.h">
      <Filter>Source Files\Assets</Filter>
    </ClInclude>
    <ClInclude Include="Scripts\Assets\Mesh.h">
      <Filter>Source Files\Assets</Filter>
    </ClInclude>
    <ClInclude Include="Scripts\Assets\ModelImporter.h">
      <Filter>Source Files\Assets</Filter>
    </ClInclude>
    <ClInclude Include="Scripts\Assets\ObjImporter.h">
      <Filter>Source Files\Assets</Filter>
    </ClInclude>
    <ClInclude Include="Scripts\Assets\PolygonGeometry.h">
      <Filter>Source Files\Assets</Filter>
    </ClInclude>
    <ClInclude Include="Scripts\Core\AppInitializer.h">
      <Filter>Source Files\Core</Filter>
    </ClInclude>
    <ClInclude Include="Scripts\Core\AppTime.h">
      <Filter>Source Files\Core</Filter>
    </ClInclude>
    <ClInclude Include="Scripts\Graphics\GLTexture.h">
      <Filter>Source Files\Graphics</Filter>
    </ClInclude>
    <ClInclude Include="Scripts\Assets\Texture.h">
      <Filter>Source Files\Graphics</Filter>
    </ClInclude>
    <ClInclude Include="Scripts\Utils\Singleton.h">
      <Filter>Source Files\Core</Filter>
    </ClInclude>
    <ClInclude Include="Scripts\SerializationSystem\SharedGraphicsResources.h">
      <Filter>Source Files\SerializationSystem</Filter>
    </ClInclude>
    <ClInclude Include="Scripts\Graphics\GLMesh.h">
      <Filter>Source Files\Graphics</Filter>
    </ClInclude>
    <ClInclude Include="Scripts\SerializationSystem\StringToGLFWKey.h">
      <Filter>Source Files\SerializationSystem</Filter>
    </ClInclude>
    <ClInclude Include="Scripts\Core\WindowApp.h">
      <Filter>Source Files\Core</Filter>
    </ClInclude>
    <ClInclude Include="Scripts\Core\Input.h">
      <Filter>Source Files\Core</Filter>
    </ClInclude>
    <ClInclude Include="AlienHeadersLib\stb_image.h">
      <Filter>Source Files\AlienHeadersLib</Filter>
    </ClInclude>
    <ClInclude Include="Scripts\SerializationSystem\Logger.h">
      <Filter>Source Files\SerializationSystem</Filter>
    </ClInclude>
    <ClInclude Include="Scripts\ECS\EcsSystem.h">
      <Filter>Source Files\ECS</Filter>
    </ClInclude>
    <ClInclude Include="Scripts\Graphics\GLLineMesh.h">
      <Filter>Source Files\Graphics</Filter>
    </ClInclude>
    <ClInclude Include="Scripts\ECS\Components\Game\AimData.h">
      <Filter>Source Files\ECS\Compoents\Game</Filter>
    </ClInclude>
    <ClInclude Include="Scripts\ECS\Components\Game\AlienData.h">
      <Filter>Source Files\ECS\Compoents\Game</Filter>
    </ClInclude>
    <ClInclude Include="Scripts\ECS\Components\Transform.h">
      <Filter>Source Files\ECS\Compoents</Filter>
    </ClInclude>
    <ClInclude Include="Scripts\ECS\Components\RenderMesh.h">
      <Filter>Source Files\ECS\Compoents</Filter>
    </ClInclude>
    <ClInclude Include="Scripts\ECS\Components\UiComponents.h">
      <Filter>Source Files\ECS\Compoents</Filter>
    </ClInclude>
    <ClInclude Include="Scripts\ECS\Components\Camera.h">
      <Filter>Source Files\ECS\Compoents</Filter>
    </ClInclude>
    <ClInclude Include="Scripts\ECS\Components\GameTools\CameraController.h">
      <Filter>Source Files\ECS\Compoents\MetaGame</Filter>
    </ClInclude>
    <ClInclude Include="Scripts\ECS\Systems\Systems.h">
      <Filter>Source Files\ECS\Systems</Filter>
    </ClInclude>
    <ClInclude Include="Scripts\Utils\SimpleTextProcessor.h">
      <Filter>Source Files\Utils</Filter>
    </ClInclude>
    <ClInclude Include="Scripts\Graphics\FontInfo.h">
      <Filter>Source Files\Graphics</Filter>
    </ClInclude>
    <ClInclude Include="Scripts\Graphics\GlFramebuffer.h">
      <Filter>Source Files\Graphics</Filter>
    </ClInclude>
    <ClInclude Include="Scripts\ECS\Components\Events.h">
      <Filter>Source Files\ECS\Compoents</Filter>
    </ClInclude>
    <ClInclude Include="Scripts\ECS\Components\GameTools\ChangeLevel.h">
      <Filter>Source Files\ECS\Compoents\Game</Filter>
    </ClInclude>
    <ClInclude Include="Scripts\ECS\Components\Game\LevelData.h">
      <Filter>Source Files\ECS\Compoents\Game</Filter>
    </ClInclude>
    <ClInclude Include="Scripts\ECS\Components\Skybox.h">
      <Filter>Source Files\ECS\Compoents</Filter>
    </ClInclude>
    <ClInclude Include="Scripts\ECS\Components\PostProcessComponent.h">
      <Filter>Source Files\ECS\Compoents</Filter>
    </ClInclude>
    <ClInclude Include="Scripts\ECS\Components\Physics\Gravity.h">
      <Filter>Source Files\ECS\Compoents\Physics</Filter>
    </ClInclude>
    <ClInclude Include="Scripts\ECS\Components\Physics\PhysicalBody.h">
      <Filter>Source Files\ECS\Compoents\Physics</Filter>
    </ClInclude>
    <ClInclude Include="Scripts\ECS\Components\Physics\DynamicBvh2D.h">
      <Filter>Source Files\ECS\Compoents\Physics</Filter>
    </ClInclude>
    <ClInclude Include="Scripts\Physics\Shapes.h">
      <Filter>Source Files\Physics</Filter>
    </ClInclude>
    <ClInclude Include="Scripts\Physics\Bvh.h">
      <Filter>Source Files\Physics</Filter>
    </ClInclude>
    <ClInclude Include="Scripts\Graphics\GraphicCore.h">
      <Filter>Source Files\Graphics</Filter>
    </ClInclude>
    <ClInclude Include="Scripts\Utils\SimpleMath.h">
      <Filter>Source Files\Utils</Filter>
    </ClInclude>
    <ClInclude Include="Scripts\Utils\DynamicDispatching.h">
      <Filter>Source Files\Utils</Filter>
    </ClInclude>
    <ClInclude Include="Scripts\ECS\Components\Physics\ImpulseController.h">
      <Filter>Source Files\ECS\Compoents\Game</Filter>
    </ClInclude>
    <ClInclude Include="Scripts\GameTools\GraphGenerator.h">
      <Filter>Source Files\GameTools</Filter>
    </ClInclude>
    <ClInclude Include="Scripts\ECS\Components\Game\GraphDebugInfo.h">
      <Filter>Source Files\ECS\Compoents\Game</Filter>
    </ClInclude>
    <ClInclude Include="Scripts\ECS\Components\Game\LabyrinthData.h">
      <Filter>Source Files\ECS\Compoents\Game</Filter>
    </ClInclude>
    <ClInclude Include="Scripts\ECS\Components\Game\RoomTraveler.h">
      <Filter>Source Files\ECS\Compoents\Game</Filter>
    </ClInclude>
    <ClInclude Include="Scripts\ECS\Components\Game\RoomRedrawer.h">
      <Filter>Source Files\ECS\Compoents\Game</Filter>
    </ClInclude>
  </ItemGroup>
  <ItemGroup>
    <None Include="Shaders\DefaultUI.frag">
      <Filter>Source Files\Shaders</Filter>
    </None>
    <None Include="Shaders\DefaultUI.vert">
      <Filter>Source Files\Shaders</Filter>
    </None>
    <None Include="Shaders\Simple.frag">
      <Filter>Source Files\Shaders</Filter>
    </None>
    <None Include="Shaders\Simple.vert">
      <Filter>Source Files\Shaders</Filter>
    </None>
    <None Include="Shaders\Diffuse.ueshad">
      <Filter>Source Files\Shaders</Filter>
    </None>
    <None Include="Shaders\UiText.frag">
      <Filter>Source Files\Shaders</Filter>
    </None>
    <None Include="Shaders\BlendUiAndScene.frag">
      <Filter>Source Files\Shaders</Filter>
    </None>
    <None Include="Shaders\IdentityScreen.frag">
      <Filter>Source Files\Shaders</Filter>
    </None>
    <None Include="Shaders\Pixelization.frag">
      <Filter>Source Files\Shaders</Filter>
    </None>
    <None Include="Shaders\BasePostProcess.vert">
      <Filter>Source Files\Shaders</Filter>
    </None>
    <None Include="Shaders\SimpleDiffuse.frag">
      <Filter>Source Files\Shaders</Filter>
    </None>
    <None Include="Shaders\SimpleDiffuse.vert">
      <Filter>Source Files\Shaders</Filter>
    </None>
    <None Include="Shaders\Skybox.frag">
      <Filter>Source Files\Shaders</Filter>
    </None>
    <None Include="Shaders\Skybox.vert">
      <Filter>Source Files\Shaders</Filter>
    </None>
    <None Include="Shaders\UiText.vert">
      <Filter>Source Files\Shaders</Filter>
    </None>
    <None Include="Shaders\MeshLines.frag">
      <Filter>Source Files\Shaders</Filter>
    </None>
    <None Include="Shaders\MeshLines.geom">
      <Filter>Source Files\Shaders</Filter>
    </None>
    <None Include="Shaders\MeshLines.vert">
      <Filter>Source Files\Shaders</Filter>
    </None>
    <None Include="Shaders\SimpleColor.frag">
      <Filter>Source Files\Shaders</Filter>
    </None>
  </ItemGroup>
  <ItemGroup>
    <Text Include="Log.txt">
      <Filter>Source Files\Resources</Filter>
    </Text>
    <Text Include="Scenes\MainMenu.txt">
      <Filter>Source Files\Resources</Filter>
    </Text>
    <Text Include="Scenes\Key.txt">
      <Filter>Source Files\Resources</Filter>
    </Text>
    <Text Include="Scenes\DemoLevel.txt">
      <Filter>Source Files\Resources</Filter>
    </Text>
    <Text Include="Scenes\Level1.txt">
      <Filter>Source Files\Resources</Filter>
    </Text>
    <Text Include="Scenes\AlienPrefab.txt">
      <Filter>Source Files\Resources</Filter>
    </Text>
    <Text Include="Scenes\Trenchetrauma.txt">
      <Filter>Source Files\Resources</Filter>
    </Text>
    <Text Include="Scenes\GraphDebug.txt">
      <Filter>Source Files\Resources</Filter>
    </Text>
    <Text Include="Scenes\DoorPrefab.txt">
      <Filter>Source Files\Resources</Filter>
    </Text>
  </ItemGroup>
</Project>