<?xml version="1.0" encoding="utf-8"?>
<Project ToolsVersion="4.0" xmlns="http://schemas.microsoft.com/developer/msbuild/2003">
  <ItemGroup>
    <Filter Include="Source Files">
      <UniqueIdentifier>{4FC737F1-C7A5-4376-A066-2A32D752A2FF}</UniqueIdentifier>
      <Extensions>cpp;c;cc;cxx;c++;cppm;ixx;def;odl;idl;hpj;bat;asm;asmx</Extensions>
    </Filter>
    <Filter Include="Header Files">
      <UniqueIdentifier>{93995380-89BD-4b04-88EB-625FBE52EBFB}</UniqueIdentifier>
      <Extensions>h;hh;hpp;hxx;h++;hm;inl;inc;ipp;xsd</Extensions>
    </Filter>
    <Filter Include="Resource Files">
      <UniqueIdentifier>{67DA6AB6-F800-4c08-8B7A-83BB121AAD01}</UniqueIdentifier>
      <Extensions>rc;ico;cur;bmp;dlg;rc2;rct;bin;rgs;gif;jpg;jpeg;jpe;resx;tiff;tif;png;wav;mfcribbon-ms</Extensions>
    </Filter>
    <Filter Include="Source Files\Graphics">
      <UniqueIdentifier>{8d3b398f-4f56-444c-b986-1aa468adc165}</UniqueIdentifier>
    </Filter>
    <Filter Include="Source Files\Assets">
      <UniqueIdentifier>{7d04285b-f8e0-4352-be64-f7e3fa399d13}</UniqueIdentifier>
    </Filter>
    <Filter Include="Source Files\Components">
      <UniqueIdentifier>{fa1875a3-d11d-4137-87ff-92e82c311dcb}</UniqueIdentifier>
    </Filter>
    <Filter Include="Source Files\Core">
      <UniqueIdentifier>{191d67a1-8307-4a8f-9f41-1a3452b44f41}</UniqueIdentifier>
    </Filter>
    <Filter Include="Source Files\SerializationSystem">
      <UniqueIdentifier>{1c0b8a1e-790d-4678-ae3d-2366bad5a97c}</UniqueIdentifier>
    </Filter>
    <Filter Include="Source Files\Shaders">
      <UniqueIdentifier>{8d1d96a2-8fe2-44e8-b68e-7d1b81fd3503}</UniqueIdentifier>
    </Filter>
    <Filter Include="Source Files\Alien">
      <UniqueIdentifier>{793cd6d0-5c1c-4e6f-8301-2b5e19b29c44}</UniqueIdentifier>
    </Filter>
    <Filter Include="Source Files\Resources">
      <UniqueIdentifier>{4d66d104-51f5-40a4-a464-fdc9fc1659f4}</UniqueIdentifier>
    </Filter>
    <Filter Include="Source Files\ECS">
      <UniqueIdentifier>{4b6f92ac-110c-4893-b49c-e311900bfd3c}</UniqueIdentifier>
    </Filter>
    <Filter Include="Source Files\EC">
      <UniqueIdentifier>{bc86e1a3-892a-4337-ba85-cc4de8e36eaa}</UniqueIdentifier>
    </Filter>
    <Filter Include="Source Files\ECS\Compoents">
      <UniqueIdentifier>{9b8024ea-6a7b-4725-b785-b6b8f022223a}</UniqueIdentifier>
    </Filter>
    <Filter Include="Source Files\ECS\Compoents\Game">
      <UniqueIdentifier>{5dc8489a-c4b8-444b-8043-be4d2511e05e}</UniqueIdentifier>
    </Filter>
  </ItemGroup>
  <ItemGroup>
    <ClCompile Include="RenderMesh.cpp">
      <Filter>Source Files\Components</Filter>
    </ClCompile>
    <ClCompile Include="GLShader.cpp">
      <Filter>Source Files\Graphics</Filter>
    </ClCompile>
    <ClCompile Include="GameLoop.cpp">
      <Filter>Source Files\Core</Filter>
    </ClCompile>
    <ClCompile Include="ModelImporter.cpp">
      <Filter>Source Files\Assets</Filter>
    </ClCompile>
    <ClCompile Include="ObjImporter.cpp">
      <Filter>Source Files\Assets</Filter>
    </ClCompile>
    <ClCompile Include="PolygonGeometry.cpp">
      <Filter>Source Files\Assets</Filter>
    </ClCompile>
    <ClCompile Include="Model.cpp">
      <Filter>Source Files\Assets</Filter>
    </ClCompile>
    <ClCompile Include="Mesh.cpp">
      <Filter>Source Files\Assets</Filter>
    </ClCompile>
    <ClCompile Include="GlMaterial.cpp">
      <Filter>Source Files\Graphics</Filter>
    </ClCompile>
    <ClCompile Include="Camera.cpp">
      <Filter>Source Files\Components</Filter>
    </ClCompile>
    <ClCompile Include="CameraController.cpp">
      <Filter>Source Files\Components</Filter>
    </ClCompile>
    <ClCompile Include="EntityLoader.cpp">
      <Filter>Source Files\SerializationSystem</Filter>
    </ClCompile>
    <ClCompile Include="AppInitializer.cpp">
      <Filter>Source Files\Core</Filter>
    </ClCompile>
    <ClCompile Include="ICamera.cpp">
      <Filter>Source Files\Components</Filter>
    </ClCompile>
    <ClCompile Include="Skybox.cpp">
      <Filter>Source Files\Graphics</Filter>
    </ClCompile>
    <ClCompile Include="GLTexture.cpp">
      <Filter>Source Files\Graphics</Filter>
    </ClCompile>
    <ClCompile Include="SharedGraphicsResources.cpp">
      <Filter>Source Files\SerializationSystem</Filter>
    </ClCompile>
    <ClCompile Include="Texture.cpp">
      <Filter>Source Files\Graphics</Filter>
    </ClCompile>
    <ClCompile Include="EntityManager.cpp">
      <Filter>Source Files\EC</Filter>
    </ClCompile>
    <ClCompile Include="GLMesh.cpp">
      <Filter>Source Files\Graphics</Filter>
    </ClCompile>
    <ClCompile Include="GraphicCore.cpp">
      <Filter>Source Files\Core</Filter>
    </ClCompile>
    <ClCompile Include="Main.cpp">
      <Filter>Source Files\Core</Filter>
    </ClCompile>
    <ClCompile Include="WindowApp.cpp">
      <Filter>Source Files\Core</Filter>
    </ClCompile>
    <ClCompile Include="Input.cpp">
      <Filter>Source Files\Core</Filter>
    </ClCompile>
    <ClCompile Include="AlienHeadersLib\glad.c">
      <Filter>Source Files\Alien</Filter>
    </ClCompile>
    <ClCompile Include="AppTime.cpp">
      <Filter>Source Files\Core</Filter>
    </ClCompile>
    <ClCompile Include="SimpleTextProcessor.cpp">
      <Filter>Source Files\SerializationSystem</Filter>
    </ClCompile>
    <ClCompile Include="Logger.cpp">
      <Filter>Source Files\SerializationSystem</Filter>
    </ClCompile>
    <ClCompile Include="ecs_EntityManager.cpp">
      <Filter>Source Files\ECS</Filter>
    </ClCompile>
    <ClCompile Include="LineDrawSystem.cpp">
      <Filter>Source Files\ECS\Compoents</Filter>
    </ClCompile>
    <ClCompile Include="AimSystem.cpp">
      <Filter>Source Files\ECS\Compoents\Game</Filter>
    </ClCompile>
    <ClCompile Include="UIHandler.cpp">
      <Filter>Source Files\ECS\Compoents</Filter>
    </ClCompile>
  </ItemGroup>
  <ItemGroup>
    <ClInclude Include="RenderMesh.h">
      <Filter>Source Files\Components</Filter>
    </ClInclude>
    <ClInclude Include="GLShader.h">
      <Filter>Source Files\Graphics</Filter>
    </ClInclude>
    <ClInclude Include="GLMaterial.h">
      <Filter>Source Files\Graphics</Filter>
    </ClInclude>
    <ClInclude Include="Transform.h">
      <Filter>Source Files\Components</Filter>
    </ClInclude>
    <ClInclude Include="GameLoop.h">
      <Filter>Source Files\Core</Filter>
    </ClInclude>
    <ClInclude Include="EntityManager.h">
      <Filter>Source Files\EC</Filter>
    </ClInclude>
    <ClInclude Include="Component.h">
      <Filter>Source Files\EC</Filter>
    </ClInclude>
    <ClInclude Include="Entity.h">
      <Filter>Source Files\EC</Filter>
    </ClInclude>
    <ClInclude Include="EntityLoader.h">
      <Filter>Source Files\SerializationSystem</Filter>
    </ClInclude>
    <ClInclude Include="ComponentThatAlwaysSayHello.h">
      <Filter>Source Files\Components</Filter>
    </ClInclude>
    <ClInclude Include="Model.h">
      <Filter>Source Files\Assets</Filter>
    </ClInclude>
    <ClInclude Include="Mesh.h">
      <Filter>Source Files\Assets</Filter>
    </ClInclude>
    <ClInclude Include="ModelImporter.h">
      <Filter>Source Files\Assets</Filter>
    </ClInclude>
    <ClInclude Include="ObjImporter.h">
      <Filter>Source Files\Assets</Filter>
    </ClInclude>
    <ClInclude Include="PolygonGeometry.h">
      <Filter>Source Files\Assets</Filter>
    </ClInclude>
    <ClInclude Include="Camera.h">
      <Filter>Source Files\Components</Filter>
    </ClInclude>
    <ClInclude Include="ILoopUpdate.h">
      <Filter>Source Files\EC</Filter>
    </ClInclude>
    <ClInclude Include="CameraController.h">
      <Filter>Source Files\Components</Filter>
    </ClInclude>
    <ClInclude Include="AppInitializer.h">
      <Filter>Source Files\Core</Filter>
    </ClInclude>
    <ClInclude Include="ICamera.h">
      <Filter>Source Files\Components</Filter>
    </ClInclude>
    <ClInclude Include="AppTime.h">
      <Filter>Source Files\Core</Filter>
    </ClInclude>
    <ClInclude Include="Skybox.h">
      <Filter>Source Files\Graphics</Filter>
    </ClInclude>
    <ClInclude Include="GLTexture.h">
      <Filter>Source Files\Graphics</Filter>
    </ClInclude>
    <ClInclude Include="Texture.h">
      <Filter>Source Files\Graphics</Filter>
    </ClInclude>
    <ClInclude Include="Singleton.h">
      <Filter>Source Files\Core</Filter>
    </ClInclude>
    <ClInclude Include="SharedGraphicsResources.h">
      <Filter>Source Files\SerializationSystem</Filter>
    </ClInclude>
    <ClInclude Include="SimpleTextProcessor.h">
      <Filter>Source Files\SerializationSystem</Filter>
    </ClInclude>
    <ClInclude Include="IComponent.h">
      <Filter>Source Files\EC</Filter>
    </ClInclude>
    <ClInclude Include="EntityManagerBase.h">
      <Filter>Source Files\EC</Filter>
    </ClInclude>
    <ClInclude Include="GLMesh.h">
      <Filter>Source Files\Graphics</Filter>
    </ClInclude>
    <ClInclude Include="StringToGLFWKey.h">
      <Filter>Source Files\SerializationSystem</Filter>
    </ClInclude>
    <ClInclude Include="EscapeHandler.h">
      <Filter>Source Files\Components</Filter>
    </ClInclude>
    <ClInclude Include="AllComponents.h">
      <Filter>Source Files\Components</Filter>
    </ClInclude>
    <ClInclude Include="PostProcessing.h">
      <Filter>Source Files\Core</Filter>
    </ClInclude>
    <ClInclude Include="GraphicCore.h">
      <Filter>Source Files\Core</Filter>
    </ClInclude>
    <ClInclude Include="WindowApp.h">
      <Filter>Source Files\Core</Filter>
    </ClInclude>
    <ClInclude Include="Input.h">
      <Filter>Source Files\Core</Filter>
    </ClInclude>
    <ClInclude Include="AlienHeadersLib\stb_image.h">
      <Filter>Source Files\Alien</Filter>
    </ClInclude>
    <ClInclude Include="Logger.h">
      <Filter>Source Files\SerializationSystem</Filter>
    </ClInclude>
    <ClInclude Include="CarController.h">
      <Filter>Source Files\Components</Filter>
    </ClInclude>
    <ClInclude Include="ecs_EntityManager.h">
      <Filter>Source Files\ECS</Filter>
    </ClInclude>
    <ClInclude Include="RectTransformComponent.h">
      <Filter>Source Files\ECS\Compoents</Filter>
    </ClInclude>
    <ClInclude Include="GLLineMesh.h">
      <Filter>Source Files\Graphics</Filter>
    </ClInclude>
    <ClInclude Include="RenderLine.h">
      <Filter>Source Files\ECS\Compoents</Filter>
    </ClInclude>
    <ClInclude Include="LineDrawSystem.h">
      <Filter>Source Files\ECS\Compoents</Filter>
    </ClInclude>
    <ClInclude Include="AimData.h">
      <Filter>Source Files\ECS\Compoents\Game</Filter>
    </ClInclude>
    <ClInclude Include="AimSystem.h">
      <Filter>Source Files\ECS\Compoents\Game</Filter>
    </ClInclude>
    <ClInclude Include="PerspectiveBuilder.h">
      <Filter>Source Files\ECS\Compoents</Filter>
    </ClInclude>
    <ClInclude Include="UIHandler.h">
      <Filter>Source Files\ECS\Compoents</Filter>
    </ClInclude>
    <ClInclude Include="AlienData.h">
      <Filter>Source Files\ECS\Compoents\Game</Filter>
    </ClInclude>
  </ItemGroup>
  <ItemGroup>
    <None Include="testShader.vert">
      <Filter>Source Files\Shaders</Filter>
    </None>
    <None Include="testShader.frag">
      <Filter>Source Files\Shaders</Filter>
    </None>
    <None Include="SimpleDiffuse.frag">
      <Filter>Source Files\Shaders</Filter>
    </None>
    <None Include="SimpleDiffuse.vert">
      <Filter>Source Files\Shaders</Filter>
    </None>
    <None Include="BasePostProcess.vert">
      <Filter>Source Files\Shaders</Filter>
    </None>
    <None Include="PPPixelization.frag">
      <Filter>Source Files\Shaders</Filter>
    </None>
    <None Include="Shaders\Diffuse.ueshad">
      <Filter>Source Files\Resources</Filter>
    </None>
    <None Include="Shaders\DefaultUI.frag">
      <Filter>Source Files\Shaders</Filter>
    </None>
    <None Include="Shaders\DefaultUI.vert">
      <Filter>Source Files\Shaders</Filter>
    </None>
    <None Include="Shaders\Simple.frag">
      <Filter>Source Files\Shaders</Filter>
    </None>
    <None Include="Shaders\Simple.vert">
      <Filter>Source Files\Shaders</Filter>
    </None>
  </ItemGroup>
  <ItemGroup>
    <Text Include="Log.txt">
      <Filter>Source Files\Resources</Filter>
    </Text>
    <Text Include="Entites\entityList.txt">
      <Filter>Source Files\Resources</Filter>
    </Text>
    <Text Include="Key.txt">
      <Filter>Source Files\Resources</Filter>
    </Text>
  </ItemGroup>
</Project>