<?xml version="1.0" encoding="utf-8"?>
<Project ToolsVersion="4.0" xmlns="http://schemas.microsoft.com/developer/msbuild/2003">
  <ItemGroup>
    <Filter Include="Source Files">
      <UniqueIdentifier>{4FC737F1-C7A5-4376-A066-2A32D752A2FF}</UniqueIdentifier>
      <Extensions>cpp;c;cc;cxx;c++;cppm;ixx;def;odl;idl;hpj;bat;asm;asmx</Extensions>
    </Filter>
    <Filter Include="Header Files">
      <UniqueIdentifier>{93995380-89BD-4b04-88EB-625FBE52EBFB}</UniqueIdentifier>
      <Extensions>h;hh;hpp;hxx;h++;hm;inl;inc;ipp;xsd</Extensions>
    </Filter>
    <Filter Include="Resource Files">
      <UniqueIdentifier>{67DA6AB6-F800-4c08-8B7A-83BB121AAD01}</UniqueIdentifier>
      <Extensions>rc;ico;cur;bmp;dlg;rc2;rct;bin;rgs;gif;jpg;jpeg;jpe;resx;tiff;tif;png;wav;mfcribbon-ms</Extensions>
    </Filter>
    <Filter Include="Source Files\Graphics">
      <UniqueIdentifier>{8d3b398f-4f56-444c-b986-1aa468adc165}</UniqueIdentifier>
    </Filter>
    <Filter Include="Source Files\Assets">
      <UniqueIdentifier>{7d04285b-f8e0-4352-be64-f7e3fa399d13}</UniqueIdentifier>
    </Filter>
    <Filter Include="Source Files\Core">
      <UniqueIdentifier>{191d67a1-8307-4a8f-9f41-1a3452b44f41}</UniqueIdentifier>
    </Filter>
    <Filter Include="Source Files\SerializationSystem">
      <UniqueIdentifier>{1c0b8a1e-790d-4678-ae3d-2366bad5a97c}</UniqueIdentifier>
    </Filter>
    <Filter Include="Source Files\Shaders">
      <UniqueIdentifier>{8d1d96a2-8fe2-44e8-b68e-7d1b81fd3503}</UniqueIdentifier>
    </Filter>
    <Filter Include="Source Files\Alien">
      <UniqueIdentifier>{793cd6d0-5c1c-4e6f-8301-2b5e19b29c44}</UniqueIdentifier>
    </Filter>
    <Filter Include="Source Files\Resources">
      <UniqueIdentifier>{4d66d104-51f5-40a4-a464-fdc9fc1659f4}</UniqueIdentifier>
    </Filter>
    <Filter Include="Source Files\ECS">
      <UniqueIdentifier>{4b6f92ac-110c-4893-b49c-e311900bfd3c}</UniqueIdentifier>
    </Filter>
    <Filter Include="Source Files\ECS\Compoents">
      <UniqueIdentifier>{9b8024ea-6a7b-4725-b785-b6b8f022223a}</UniqueIdentifier>
    </Filter>
    <Filter Include="Source Files\ECS\Compoents\Game">
      <UniqueIdentifier>{5dc8489a-c4b8-444b-8043-be4d2511e05e}</UniqueIdentifier>
    </Filter>
    <Filter Include="Source Files\ECS\Compoents\MetaGame">
      <UniqueIdentifier>{43a226e0-5c78-460c-9eba-97071db3f327}</UniqueIdentifier>
    </Filter>
    <Filter Include="Source Files\ECS\Systems">
      <UniqueIdentifier>{546900a5-07c5-4196-b5bc-30cdf64e14ed}</UniqueIdentifier>
    </Filter>
    <Filter Include="Source Files\Utils">
      <UniqueIdentifier>{dedf6885-c9bf-4fae-bb0d-07944a4c2d6d}</UniqueIdentifier>
    </Filter>
    <Filter Include="Source Files\ECS\Systems\Game">
      <UniqueIdentifier>{f9029a48-c444-455f-8488-9ea3880d44b7}</UniqueIdentifier>
    </Filter>
    <Filter Include="Source Files\ECS\Compoents\Physics">
      <UniqueIdentifier>{12a35a89-1ddb-40d0-b9a0-e044ef9cf639}</UniqueIdentifier>
    </Filter>
    <Filter Include="Source Files\ECS\Systems\Physics">
      <UniqueIdentifier>{045fab29-2114-42d2-84d0-0859f37a50c6}</UniqueIdentifier>
    </Filter>
    <Filter Include="Source Files\Physics">
      <UniqueIdentifier>{d0816aba-17cc-4686-b456-e9acd1af063d}</UniqueIdentifier>
    </Filter>
  </ItemGroup>
  <ItemGroup>
    <ClCompile Include="GLShader.cpp">
      <Filter>Source Files\Graphics</Filter>
    </ClCompile>
    <ClCompile Include="GameLoop.cpp">
      <Filter>Source Files\Core</Filter>
    </ClCompile>
    <ClCompile Include="ModelImporter.cpp">
      <Filter>Source Files\Assets</Filter>
    </ClCompile>
    <ClCompile Include="ObjImporter.cpp">
      <Filter>Source Files\Assets</Filter>
    </ClCompile>
    <ClCompile Include="PolygonGeometry.cpp">
      <Filter>Source Files\Assets</Filter>
    </ClCompile>
    <ClCompile Include="Model.cpp">
      <Filter>Source Files\Assets</Filter>
    </ClCompile>
    <ClCompile Include="Mesh.cpp">
      <Filter>Source Files\Assets</Filter>
    </ClCompile>
    <ClCompile Include="GlMaterial.cpp">
      <Filter>Source Files\Graphics</Filter>
    </ClCompile>
    <ClCompile Include="EntityLoader.cpp">
      <Filter>Source Files\SerializationSystem</Filter>
    </ClCompile>
    <ClCompile Include="AppInitializer.cpp">
      <Filter>Source Files\Core</Filter>
    </ClCompile>
    <ClCompile Include="GLTexture.cpp">
      <Filter>Source Files\Graphics</Filter>
    </ClCompile>
    <ClCompile Include="SharedGraphicsResources.cpp">
      <Filter>Source Files\SerializationSystem</Filter>
    </ClCompile>
    <ClCompile Include="Texture.cpp">
      <Filter>Source Files\Graphics</Filter>
    </ClCompile>
    <ClCompile Include="GLMesh.cpp">
      <Filter>Source Files\Graphics</Filter>
    </ClCompile>
    <ClCompile Include="Main.cpp">
      <Filter>Source Files\Core</Filter>
    </ClCompile>
    <ClCompile Include="WindowApp.cpp">
      <Filter>Source Files\Core</Filter>
    </ClCompile>
    <ClCompile Include="Input.cpp">
      <Filter>Source Files\Core</Filter>
    </ClCompile>
    <ClCompile Include="AlienHeadersLib\glad.c">
      <Filter>Source Files\Alien</Filter>
    </ClCompile>
    <ClCompile Include="AppTime.cpp">
      <Filter>Source Files\Core</Filter>
    </ClCompile>
    <ClCompile Include="Logger.cpp">
      <Filter>Source Files\SerializationSystem</Filter>
    </ClCompile>
    <ClCompile Include="EcsSystem.cpp">
      <Filter>Source Files\ECS</Filter>
    </ClCompile>
    <ClCompile Include="Camera.cpp">
      <Filter>Source Files\ECS\Compoents</Filter>
    </ClCompile>
    <ClCompile Include="CameraControllerSystem.cpp">
      <Filter>Source Files\ECS\Systems</Filter>
    </ClCompile>
    <ClCompile Include="EscapeHandler.cpp">
      <Filter>Source Files\ECS\Systems</Filter>
    </ClCompile>
    <ClCompile Include="LineDrawSystem.cpp">
      <Filter>Source Files\ECS\Systems</Filter>
    </ClCompile>
    <ClCompile Include="RenderMeshSystem.cpp">
      <Filter>Source Files\ECS\Systems</Filter>
    </ClCompile>
    <ClCompile Include="UIHandler.cpp">
      <Filter>Source Files\ECS\Systems</Filter>
    </ClCompile>
    <ClCompile Include="SimpleTextProcessor.cpp">
      <Filter>Source Files\Utils</Filter>
    </ClCompile>
    <ClCompile Include="UiComponents.cpp">
      <Filter>Source Files\ECS\Compoents</Filter>
    </ClCompile>
    <ClCompile Include="Transform.cpp">
      <Filter>Source Files\ECS\Compoents</Filter>
    </ClCompile>
    <ClCompile Include="AimSystem.cpp">
      <Filter>Source Files\ECS\Systems\Game</Filter>
    </ClCompile>
    <ClCompile Include="MenuController.cpp">
      <Filter>Source Files\ECS\Systems\Game</Filter>
    </ClCompile>
    <ClCompile Include="LevelChanger.cpp">
      <Filter>Source Files\ECS\Systems\Game</Filter>
    </ClCompile>
    <ClCompile Include="LevelController.cpp">
      <Filter>Source Files\ECS\Systems\Game</Filter>
    </ClCompile>
    <ClCompile Include="Scripts\Graphics\GLLineMesh.cpp">
      <Filter>Source Files\Graphics</Filter>
    </ClCompile>
    <ClCompile Include="AlienData.cpp">
      <Filter>Source Files\ECS\Compoents\Game</Filter>
    </ClCompile>
    <ClCompile Include="Scripts\Systems\RenderSkyboxSystem.cpp">
      <Filter>Source Files\ECS\Systems</Filter>
    </ClCompile>
    <ClCompile Include="CollisionProcessor.cpp">
      <Filter>Source Files\ECS\Systems\Physics</Filter>
    </ClCompile>
    <ClCompile Include="Shapes.cpp">
      <Filter>Source Files\Physics</Filter>
    </ClCompile>
    <ClCompile Include="Bvh.cpp">
      <Filter>Source Files\Physics</Filter>
    </ClCompile>
    <ClCompile Include="GraphicCore.cpp">
      <Filter>Source Files\Graphics</Filter>
    </ClCompile>
    <ClCompile Include="GravityController.cpp">
      <Filter>Source Files\ECS\Systems\Physics</Filter>
    </ClCompile>
  </ItemGroup>
  <ItemGroup>
    <ClInclude Include="GLShader.h">
      <Filter>Source Files\Graphics</Filter>
    </ClInclude>
    <ClInclude Include="GLMaterial.h">
      <Filter>Source Files\Graphics</Filter>
    </ClInclude>
    <ClInclude Include="GameLoop.h">
      <Filter>Source Files\Core</Filter>
    </ClInclude>
    <ClInclude Include="EntityLoader.h">
      <Filter>Source Files\SerializationSystem</Filter>
    </ClInclude>
    <ClInclude Include="Model.h">
      <Filter>Source Files\Assets</Filter>
    </ClInclude>
    <ClInclude Include="Mesh.h">
      <Filter>Source Files\Assets</Filter>
    </ClInclude>
    <ClInclude Include="ModelImporter.h">
      <Filter>Source Files\Assets</Filter>
    </ClInclude>
    <ClInclude Include="ObjImporter.h">
      <Filter>Source Files\Assets</Filter>
    </ClInclude>
    <ClInclude Include="PolygonGeometry.h">
      <Filter>Source Files\Assets</Filter>
    </ClInclude>
    <ClInclude Include="AppInitializer.h">
      <Filter>Source Files\Core</Filter>
    </ClInclude>
    <ClInclude Include="AppTime.h">
      <Filter>Source Files\Core</Filter>
    </ClInclude>
    <ClInclude Include="GLTexture.h">
      <Filter>Source Files\Graphics</Filter>
    </ClInclude>
    <ClInclude Include="Texture.h">
      <Filter>Source Files\Graphics</Filter>
    </ClInclude>
    <ClInclude Include="Singleton.h">
      <Filter>Source Files\Core</Filter>
    </ClInclude>
    <ClInclude Include="SharedGraphicsResources.h">
      <Filter>Source Files\SerializationSystem</Filter>
    </ClInclude>
    <ClInclude Include="GLMesh.h">
      <Filter>Source Files\Graphics</Filter>
    </ClInclude>
    <ClInclude Include="StringToGLFWKey.h">
      <Filter>Source Files\SerializationSystem</Filter>
    </ClInclude>
    <ClInclude Include="WindowApp.h">
      <Filter>Source Files\Core</Filter>
    </ClInclude>
    <ClInclude Include="Input.h">
      <Filter>Source Files\Core</Filter>
    </ClInclude>
    <ClInclude Include="AlienHeadersLib\stb_image.h">
      <Filter>Source Files\Alien</Filter>
    </ClInclude>
    <ClInclude Include="Logger.h">
      <Filter>Source Files\SerializationSystem</Filter>
    </ClInclude>
    <ClInclude Include="EcsSystem.h">
      <Filter>Source Files\ECS</Filter>
    </ClInclude>
    <ClInclude Include="GLLineMesh.h">
      <Filter>Source Files\Graphics</Filter>
    </ClInclude>
    <ClInclude Include="RenderLine.h">
      <Filter>Source Files\ECS\Compoents</Filter>
    </ClInclude>
    <ClInclude Include="AimData.h">
      <Filter>Source Files\ECS\Compoents\Game</Filter>
    </ClInclude>
    <ClInclude Include="AlienData.h">
      <Filter>Source Files\ECS\Compoents\Game</Filter>
    </ClInclude>
    <ClInclude Include="Transform.h">
      <Filter>Source Files\ECS\Compoents</Filter>
    </ClInclude>
    <ClInclude Include="RenderMesh.h">
      <Filter>Source Files\ECS\Compoents</Filter>
    </ClInclude>
    <ClInclude Include="UiComponents.h">
      <Filter>Source Files\ECS\Compoents</Filter>
    </ClInclude>
    <ClInclude Include="Camera.h">
      <Filter>Source Files\ECS\Compoents</Filter>
    </ClInclude>
    <ClInclude Include="CameraController.h">
      <Filter>Source Files\ECS\Compoents\MetaGame</Filter>
    </ClInclude>
    <ClInclude Include="PerspectiveBuilder.h">
      <Filter>Source Files\ECS\Systems</Filter>
    </ClInclude>
    <ClInclude Include="Systems.h">
      <Filter>Source Files\ECS\Systems</Filter>
    </ClInclude>
    <ClInclude Include="SortedByValueMap.h">
      <Filter>Source Files\Utils</Filter>
    </ClInclude>
    <ClInclude Include="SimpleTextProcessor.h">
      <Filter>Source Files\Utils</Filter>
    </ClInclude>
    <ClInclude Include="FontInfo.h">
      <Filter>Source Files\Graphics</Filter>
    </ClInclude>
    <ClInclude Include="GlFramebuffer.h">
      <Filter>Source Files\Graphics</Filter>
    </ClInclude>
    <ClInclude Include="ConceptLib.h">
      <Filter>Source Files\Utils</Filter>
    </ClInclude>
    <ClInclude Include="Events.h">
      <Filter>Source Files\ECS\Compoents</Filter>
    </ClInclude>
    <ClInclude Include="ServiceLocator.h">
      <Filter>Source Files\Core</Filter>
    </ClInclude>
    <ClInclude Include="ChangeLevel.h">
      <Filter>Source Files\ECS\Compoents\Game</Filter>
    </ClInclude>
    <ClInclude Include="SafeSingleton.h">
      <Filter>Source Files\Core</Filter>
    </ClInclude>
    <ClInclude Include="LevelData.h">
      <Filter>Source Files\ECS\Compoents\Game</Filter>
    </ClInclude>
    <ClInclude Include="GLObjects.h">
      <Filter>Source Files\Graphics</Filter>
    </ClInclude>
    <ClInclude Include="Scripts\Components\Skybox.h">
      <Filter>Source Files\ECS\Compoents</Filter>
    </ClInclude>
    <ClInclude Include="PostProcessComponent.h">
      <Filter>Source Files\ECS\Compoents</Filter>
    </ClInclude>
    <ClInclude Include="RenderLineFiller.h">
      <Filter>Source Files\ECS\Compoents</Filter>
    </ClInclude>
    <ClInclude Include="Gravity.h">
      <Filter>Source Files\ECS\Compoents\Physics</Filter>
    </ClInclude>
    <ClInclude Include="PhysicalBody.h">
      <Filter>Source Files\ECS\Compoents\Physics</Filter>
    </ClInclude>
    <ClInclude Include="DynamicBvh2D.h">
      <Filter>Source Files\ECS\Compoents\Physics</Filter>
    </ClInclude>
    <ClInclude Include="Shapes.h">
      <Filter>Source Files\Physics</Filter>
    </ClInclude>
    <ClInclude Include="Bvh.h">
      <Filter>Source Files\Physics</Filter>
    </ClInclude>
    <ClInclude Include="GraphicCore.h">
      <Filter>Source Files\Graphics</Filter>
    </ClInclude>
    <ClInclude Include="SimpleMath.h">
      <Filter>Source Files\Utils</Filter>
    </ClInclude>
    <ClInclude Include="DynamicDispatching.h">
      <Filter>Source Files\Utils</Filter>
    </ClInclude>
  </ItemGroup>
  <ItemGroup>
    <None Include="Shaders\DefaultUI.frag">
      <Filter>Source Files\Shaders</Filter>
    </None>
    <None Include="Shaders\DefaultUI.vert">
      <Filter>Source Files\Shaders</Filter>
    </None>
    <None Include="Shaders\Simple.frag">
      <Filter>Source Files\Shaders</Filter>
    </None>
    <None Include="Shaders\Simple.vert">
      <Filter>Source Files\Shaders</Filter>
    </None>
    <None Include="Shaders\Diffuse.ueshad">
      <Filter>Source Files\Shaders</Filter>
    </None>
    <None Include="Shaders\UiText.frag">
      <Filter>Source Files\Shaders</Filter>
    </None>
    <None Include="Shaders\BlendUiAndScene.frag">
      <Filter>Source Files\Shaders</Filter>
    </None>
    <None Include="Shaders\IdentityScreen.frag">
      <Filter>Source Files\Shaders</Filter>
    </None>
    <None Include="Shaders\Pixelization.frag">
      <Filter>Source Files\Shaders</Filter>
    </None>
    <None Include="Shaders\BasePostProcess.vert">
      <Filter>Source Files\Shaders</Filter>
    </None>
    <None Include="Shaders\SimpleDiffuse.frag">
      <Filter>Source Files\Shaders</Filter>
    </None>
    <None Include="Shaders\SimpleDiffuse.vert">
      <Filter>Source Files\Shaders</Filter>
    </None>
    <None Include="Shaders\Skybox.frag">
      <Filter>Source Files\Shaders</Filter>
    </None>
    <None Include="Shaders\Skybox.vert">
      <Filter>Source Files\Shaders</Filter>
    </None>
    <None Include="Shaders\testShader.frag">
      <Filter>Source Files\Shaders</Filter>
    </None>
    <None Include="Shaders\testShader.vert">
      <Filter>Source Files\Shaders</Filter>
    </None>
    <None Include="Shaders\UiText.vert">
      <Filter>Source Files\Shaders</Filter>
    </None>
    <None Include="Shaders\MeshLines.frag">
      <Filter>Source Files\Shaders</Filter>
    </None>
    <None Include="Shaders\MeshLines.geom">
      <Filter>Source Files\Shaders</Filter>
    </None>
    <None Include="Shaders\MeshLines.vert">
      <Filter>Source Files\Shaders</Filter>
    </None>
  </ItemGroup>
  <ItemGroup>
    <Text Include="Log.txt">
      <Filter>Source Files\Resources</Filter>
    </Text>
    <Text Include="Scenes\MainMenu.txt">
      <Filter>Source Files\Resources</Filter>
    </Text>
    <Text Include="Scenes\Key.txt">
      <Filter>Source Files\Resources</Filter>
    </Text>
    <Text Include="Scenes\DemoLevel.txt">
      <Filter>Source Files\Resources</Filter>
    </Text>
    <Text Include="Scenes\Level1.txt">
      <Filter>Source Files\Resources</Filter>
    </Text>
    <Text Include="Scenes\AlienPrefab.txt">
      <Filter>Source Files\Resources</Filter>
    </Text>
    <Text Include="Scenes\Trenchetrauma.txt">
      <Filter>Source Files\Resources</Filter>
    </Text>
  </ItemGroup>
</Project>